
Microsoft Visual Studio Solution File, Format Version 12.00
# Visual Studio 15
Project("{FAE04EC0-301F-11D3-BF4B-00C04F79EFBC}") = "GraphQLAppAssignment3.Android", "GraphQLAppAssignment3.Android\GraphQLAppAssignment3.Android.csproj", "{4DD46F3C-18B2-4251-8C63-30B7D52CEDDA}"
EndProject
Project("{FAE04EC0-301F-11D3-BF4B-00C04F79EFBC}") = "GraphQLAppAssignment3.iOS", "GraphQLAppAssignment3.iOS\GraphQLAppAssignment3.iOS.csproj", "{3FF12F09-5B75-449E-B73A-102E11EFB3C3}"
EndProject
Project("{FAE04EC0-301F-11D3-BF4B-00C04F79EFBC}") = "GraphQLAppAssignment3", "GraphQLAppAssignment3\GraphQLAppAssignment3.csproj", "{4216368B-E97C-4A1E-B3BE-9E11CCE0EC25}"
EndProject
Global
	GlobalSection(SolutionConfigurationPlatforms) = preSolution
		Debug|Any CPU = Debug|Any CPU
		Release|Any CPU = Release|Any CPU
		Debug|iPhoneSimulator = Debug|iPhoneSimulator
		Release|iPhoneSimulator = Release|iPhoneSimulator
		Debug|iPhone = Debug|iPhone
		Release|iPhone = Release|iPhone
	EndGlobalSection
	GlobalSection(ProjectConfigurationPlatforms) = postSolution
		{4DD46F3C-18B2-4251-8C63-30B7D52CEDDA}.Debug|Any CPU.ActiveCfg = Debug|Any CPU
		{4DD46F3C-18B2-4251-8C63-30B7D52CEDDA}.Debug|Any CPU.Build.0 = Debug|Any CPU
		{4DD46F3C-18B2-4251-8C63-30B7D52CEDDA}.Release|Any CPU.ActiveCfg = Release|Any CPU
		{4DD46F3C-18B2-4251-8C63-30B7D52CEDDA}.Release|Any CPU.Build.0 = Release|Any CPU
		{4DD46F3C-18B2-4251-8C63-30B7D52CEDDA}.Debug|iPhoneSimulator.ActiveCfg = Debug|Any CPU
		{4DD46F3C-18B2-4251-8C63-30B7D52CEDDA}.Debug|iPhoneSimulator.Build.0 = Debug|Any CPU
		{4DD46F3C-18B2-4251-8C63-30B7D52CEDDA}.Release|iPhoneSimulator.ActiveCfg = Release|Any CPU
		{4DD46F3C-18B2-4251-8C63-30B7D52CEDDA}.Release|iPhoneSimulator.Build.0 = Release|Any CPU
		{4DD46F3C-18B2-4251-8C63-30B7D52CEDDA}.Debug|iPhone.ActiveCfg = Debug|Any CPU
		{4DD46F3C-18B2-4251-8C63-30B7D52CEDDA}.Debug|iPhone.Build.0 = Debug|Any CPU
		{4DD46F3C-18B2-4251-8C63-30B7D52CEDDA}.Release|iPhone.ActiveCfg = Release|Any CPU
		{4DD46F3C-18B2-4251-8C63-30B7D52CEDDA}.Release|iPhone.Build.0 = Release|Any CPU
		{3FF12F09-5B75-449E-B73A-102E11EFB3C3}.Debug|Any CPU.ActiveCfg = Debug|iPhoneSimulator
		{3FF12F09-5B75-449E-B73A-102E11EFB3C3}.Debug|Any CPU.Build.0 = Debug|iPhoneSimulator
		{3FF12F09-5B75-449E-B73A-102E11EFB3C3}.Release|Any CPU.ActiveCfg = Release|iPhoneSimulator
		{3FF12F09-5B75-449E-B73A-102E11EFB3C3}.Release|Any CPU.Build.0 = Release|iPhoneSimulator
		{3FF12F09-5B75-449E-B73A-102E11EFB3C3}.Debug|iPhoneSimulator.ActiveCfg = Debug|iPhoneSimulator
		{3FF12F09-5B75-449E-B73A-102E11EFB3C3}.Debug|iPhoneSimulator.Build.0 = Debug|iPhoneSimulator
		{3FF12F09-5B75-449E-B73A-102E11EFB3C3}.Release|iPhoneSimulator.ActiveCfg = Release|iPhoneSimulator
		{3FF12F09-5B75-449E-B73A-102E11EFB3C3}.Release|iPhoneSimulator.Build.0 = Release|iPhoneSimulator
		{3FF12F09-5B75-449E-B73A-102E11EFB3C3}.Debug|iPhone.ActiveCfg = Debug|iPhone
		{3FF12F09-5B75-449E-B73A-102E11EFB3C3}.Debug|iPhone.Build.0 = Debug|iPhone
		{3FF12F09-5B75-449E-B73A-102E11EFB3C3}.Release|iPhone.ActiveCfg = Release|iPhone
		{3FF12F09-5B75-449E-B73A-102E11EFB3C3}.Release|iPhone.Build.0 = Release|iPhone
		{4216368B-E97C-4A1E-B3BE-9E11CCE0EC25}.Debug|Any CPU.ActiveCfg = Debug|Any CPU
		{4216368B-E97C-4A1E-B3BE-9E11CCE0EC25}.Debug|Any CPU.Build.0 = Debug|Any CPU
		{4216368B-E97C-4A1E-B3BE-9E11CCE0EC25}.Release|Any CPU.ActiveCfg = Release|Any CPU
		{4216368B-E97C-4A1E-B3BE-9E11CCE0EC25}.Release|Any CPU.Build.0 = Release|Any CPU
		{4216368B-E97C-4A1E-B3BE-9E11CCE0EC25}.Debug|iPhoneSimulator.ActiveCfg = Debug|Any CPU
		{4216368B-E97C-4A1E-B3BE-9E11CCE0EC25}.Debug|iPhoneSimulator.Build.0 = Debug|Any CPU
		{4216368B-E97C-4A1E-B3BE-9E11CCE0EC25}.Release|iPhoneSimulator.ActiveCfg = Release|Any CPU
		{4216368B-E97C-4A1E-B3BE-9E11CCE0EC25}.Release|iPhoneSimulator.Build.0 = Release|Any CPU
		{4216368B-E97C-4A1E-B3BE-9E11CCE0EC25}.Debug|iPhone.ActiveCfg = Debug|Any CPU
		{4216368B-E97C-4A1E-B3BE-9E11CCE0EC25}.Debug|iPhone.Build.0 = Debug|Any CPU
		{4216368B-E97C-4A1E-B3BE-9E11CCE0EC25}.Release|iPhone.ActiveCfg = Release|Any CPU
		{4216368B-E97C-4A1E-B3BE-9E11CCE0EC25}.Release|iPhone.Build.0 = Release|Any CPU
	EndGlobalSection
EndGlobal
